// !$*UTF8*$!
{
	archiveVersion = 1;
	classes = {
	};
	objectVersion = 50;
	objects = {

/* Begin PBXBuildFile section */
		E1CFA09A25FB5E7200F19AD8 /* PokedexSwiftUIApp.swift in Sources */ = {isa = PBXBuildFile; fileRef = E1CFA09925FB5E7200F19AD8 /* PokedexSwiftUIApp.swift */; };
		E1CFA09C25FB5E7200F19AD8 /* ContentView.swift in Sources */ = {isa = PBXBuildFile; fileRef = E1CFA09B25FB5E7200F19AD8 /* ContentView.swift */; };
		E1CFA09E25FB5E7400F19AD8 /* Assets.xcassets in Resources */ = {isa = PBXBuildFile; fileRef = E1CFA09D25FB5E7400F19AD8 /* Assets.xcassets */; };
		E1CFA0A125FB5E7400F19AD8 /* Preview Assets.xcassets in Resources */ = {isa = PBXBuildFile; fileRef = E1CFA0A025FB5E7400F19AD8 /* Preview Assets.xcassets */; };
		E1CFA0B125FB782500F19AD8 /* PokemonCell.swift in Sources */ = {isa = PBXBuildFile; fileRef = E1CFA0B025FB782500F19AD8 /* PokemonCell.swift */; };
		E1CFA0B425FB927800F19AD8 /* PokedexView.swift in Sources */ = {isa = PBXBuildFile; fileRef = E1CFA0B325FB927800F19AD8 /* PokedexView.swift */; };
		E1CFA0BB25FB9D4A00F19AD8 /* Pokemon.swift in Sources */ = {isa = PBXBuildFile; fileRef = E1CFA0BA25FB9D4A00F19AD8 /* Pokemon.swift */; };
		E1CFA0BF25FBA20E00F19AD8 /* PokemonViewModel.swift in Sources */ = {isa = PBXBuildFile; fileRef = E1CFA0BE25FBA20E00F19AD8 /* PokemonViewModel.swift */; };
/* End PBXBuildFile section */

/* Begin PBXFileReference section */
		E1CFA09625FB5E7200F19AD8 /* PokedexSwiftUI.app */ = {isa = PBXFileReference; explicitFileType = wrapper.application; includeInIndex = 0; path = PokedexSwiftUI.app; sourceTree = BUILT_PRODUCTS_DIR; };
		E1CFA09925FB5E7200F19AD8 /* PokedexSwiftUIApp.swift */ = {isa = PBXFileReference; lastKnownFileType = sourcecode.swift; path = PokedexSwiftUIApp.swift; sourceTree = "<group>"; };
		E1CFA09B25FB5E7200F19AD8 /* ContentView.swift */ = {isa = PBXFileReference; lastKnownFileType = sourcecode.swift; path = ContentView.swift; sourceTree = "<group>"; };
		E1CFA09D25FB5E7400F19AD8 /* Assets.xcassets */ = {isa = PBXFileReference; lastKnownFileType = folder.assetcatalog; path = Assets.xcassets; sourceTree = "<group>"; };
		E1CFA0A025FB5E7400F19AD8 /* Preview Assets.xcassets */ = {isa = PBXFileReference; lastKnownFileType = folder.assetcatalog; path = "Preview Assets.xcassets"; sourceTree = "<group>"; };
		E1CFA0A225FB5E7400F19AD8 /* Info.plist */ = {isa = PBXFileReference; lastKnownFileType = text.plist.xml; path = Info.plist; sourceTree = "<group>"; };
		E1CFA0B025FB782500F19AD8 /* PokemonCell.swift */ = {isa = PBXFileReference; lastKnownFileType = sourcecode.swift; path = PokemonCell.swift; sourceTree = "<group>"; };
		E1CFA0B325FB927800F19AD8 /* PokedexView.swift */ = {isa = PBXFileReference; lastKnownFileType = sourcecode.swift; path = PokedexView.swift; sourceTree = "<group>"; };
		E1CFA0BA25FB9D4A00F19AD8 /* Pokemon.swift */ = {isa = PBXFileReference; lastKnownFileType = sourcecode.swift; path = Pokemon.swift; sourceTree = "<group>"; };
		E1CFA0BE25FBA20E00F19AD8 /* PokemonViewModel.swift */ = {isa = PBXFileReference; lastKnownFileType = sourcecode.swift; path = PokemonViewModel.swift; sourceTree = SOURCE_ROOT; };
/* End PBXFileReference section */

/* Begin PBXFrameworksBuildPhase section */
		E1CFA09325FB5E7200F19AD8 /* Frameworks */ = {
			isa = PBXFrameworksBuildPhase;
			buildActionMask = 2147483647;
			files = (
			);
			runOnlyForDeploymentPostprocessing = 0;
		};
/* End PBXFrameworksBuildPhase section */

/* Begin PBXGroup section */
		E1CFA08D25FB5E7200F19AD8 = {
			isa = PBXGroup;
			children = (
				E1CFA09825FB5E7200F19AD8 /* PokedexSwiftUI */,
				E1CFA09725FB5E7200F19AD8 /* Products */,
			);
			sourceTree = "<group>";
		};
		E1CFA09725FB5E7200F19AD8 /* Products */ = {
			isa = PBXGroup;
			children = (
				E1CFA09625FB5E7200F19AD8 /* PokedexSwiftUI.app */,
			);
			name = Products;
			sourceTree = "<group>";
		};
		E1CFA09825FB5E7200F19AD8 /* PokedexSwiftUI */ = {
			isa = PBXGroup;
			children = (
				E1CFA0AB25FB745B00F19AD8 /* ViewModel */,
				E1CFA0AA25FB745300F19AD8 /* View */,
				E1CFA0A925FB743D00F19AD8 /* Model */,
				E1CFA09925FB5E7200F19AD8 /* PokedexSwiftUIApp.swift */,
				E1CFA09B25FB5E7200F19AD8 /* ContentView.swift */,
				E1CFA09D25FB5E7400F19AD8 /* Assets.xcassets */,
				E1CFA0A225FB5E7400F19AD8 /* Info.plist */,
				E1CFA09F25FB5E7400F19AD8 /* Preview Content */,
			);
			path = PokedexSwiftUI;
			sourceTree = "<group>";
		};
		E1CFA09F25FB5E7400F19AD8 /* Preview Content */ = {
			isa = PBXGroup;
			children = (
				E1CFA0A025FB5E7400F19AD8 /* Preview Assets.xcassets */,
			);
			path = "Preview Content";
			sourceTree = "<group>";
		};
		E1CFA0A925FB743D00F19AD8 /* Model */ = {
			isa = PBXGroup;
			children = (
				E1CFA0BA25FB9D4A00F19AD8 /* Pokemon.swift */,
			);
			path = Model;
			sourceTree = "<group>";
		};
		E1CFA0AA25FB745300F19AD8 /* View */ = {
			isa = PBXGroup;
			children = (
				E1CFA0B025FB782500F19AD8 /* PokemonCell.swift */,
				E1CFA0B325FB927800F19AD8 /* PokedexView.swift */,
			);
			path = View;
			sourceTree = "<group>";
		};
		E1CFA0AB25FB745B00F19AD8 /* ViewModel */ = {
			isa = PBXGroup;
			children = (
				E1CFA0BE25FBA20E00F19AD8 /* PokemonViewModel.swift */,
			);
			path = ViewModel;
			sourceTree = "<group>";
		};
/* End PBXGroup section */

/* Begin PBXNativeTarget section */
		E1CFA09525FB5E7200F19AD8 /* PokedexSwiftUI */ = {
			isa = PBXNativeTarget;
			buildConfigurationList = E1CFA0A525FB5E7400F19AD8 /* Build configuration list for PBXNativeTarget "PokedexSwiftUI" */;
			buildPhases = (
				E1CFA09225FB5E7200F19AD8 /* Sources */,
				E1CFA09325FB5E7200F19AD8 /* Frameworks */,
				E1CFA09425FB5E7200F19AD8 /* Resources */,
			);
			buildRules = (
			);
			dependencies = (
			);
			name = PokedexSwiftUI;
			productName = PokedexSwiftUI;
			productReference = E1CFA09625FB5E7200F19AD8 /* PokedexSwiftUI.app */;
			productType = "com.apple.product-type.application";
		};
/* End PBXNativeTarget section */

/* Begin PBXProject section */
		E1CFA08E25FB5E7200F19AD8 /* Project object */ = {
			isa = PBXProject;
			attributes = {
				LastSwiftUpdateCheck = 1230;
				LastUpgradeCheck = 1230;
				TargetAttributes = {
					E1CFA09525FB5E7200F19AD8 = {
						CreatedOnToolsVersion = 12.3;
					};
				};
			};
			buildConfigurationList = E1CFA09125FB5E7200F19AD8 /* Build configuration list for PBXProject "PokedexSwiftUI" */;
			compatibilityVersion = "Xcode 9.3";
			developmentRegion = en;
			hasScannedForEncodings = 0;
			knownRegions = (
				en,
				Base,
			);
			mainGroup = E1CFA08D25FB5E7200F19AD8;
			productRefGroup = E1CFA09725FB5E7200F19AD8 /* Products */;
			projectDirPath = "";
			projectRoot = "";
			targets = (
				E1CFA09525FB5E7200F19AD8 /* PokedexSwiftUI */,
			);
		};
/* End PBXProject section */

/* Begin PBXResourcesBuildPhase section */
		E1CFA09425FB5E7200F19AD8 /* Resources */ = {
			isa = PBXResourcesBuildPhase;
			buildActionMask = 2147483647;
			files = (
				E1CFA0A125FB5E7400F19AD8 /* Preview Assets.xcassets in Resources */,
				E1CFA09E25FB5E7400F19AD8 /* Assets.xcassets in Resources */,
			);
			runOnlyForDeploymentPostprocessing = 0;
		};
/* End PBXResourcesBuildPhase section */

/* Begin PBXSourcesBuildPhase section */
		E1CFA09225FB5E7200F19AD8 /* Sources */ = {
			isa = PBXSourcesBuildPhase;
			buildActionMask = 2147483647;
			files = (
				E1CFA0BF25FBA20E00F19AD8 /* PokemonViewModel.swift in Sources */,
				E1CFA0BB25FB9D4A00F19AD8 /* Pokemon.swift in Sources */,
				E1CFA09C25FB5E7200F19AD8 /* ContentView.swift in Sources */,
				E1CFA09A25FB5E7200F19AD8 /* PokedexSwiftUIApp.swift in Sources */,
				E1CFA0B125FB782500F19AD8 /* PokemonCell.swift in Sources */,
				E1CFA0B425FB927800F19AD8 /* PokedexView.swift in Sources */,
			);
			runOnlyForDeploymentPostprocessing = 0;
		};
/* End PBXSourcesBuildPhase section */

/* Begin XCBuildConfiguration section */
		E1CFA0A325FB5E7400F19AD8 /* Debug */ = {
			isa = XCBuildConfiguration;
			buildSettings = {
				ALWAYS_SEARCH_USER_PATHS = NO;
				CLANG_ANALYZER_NONNULL = YES;
				CLANG_ANALYZER_NUMBER_OBJECT_CONVERSION = YES_AGGRESSIVE;
				CLANG_CXX_LANGUAGE_STANDARD = "gnu++14";
				CLANG_CXX_LIBRARY = "libc++";
				CLANG_ENABLE_MODULES = YES;
				CLANG_ENABLE_OBJC_ARC = YES;
				CLANG_ENABLE_OBJC_WEAK = YES;
				CLANG_WARN_BLOCK_CAPTURE_AUTORELEASING = YES;
				CLANG_WARN_BOOL_CONVERSION = YES;
				CLANG_WARN_COMMA = YES;
				CLANG_WARN_CONSTANT_CONVERSION = YES;
				CLANG_WARN_DEPRECATED_OBJC_IMPLEMENTATIONS = YES;
				CLANG_WARN_DIRECT_OBJC_ISA_USAGE = YES_ERROR;
				CLANG_WARN_DOCUMENTATION_COMMENTS = YES;
				CLANG_WARN_EMPTY_BODY = YES;
				CLANG_WARN_ENUM_CONVERSION = YES;
				CLANG_WARN_INFINITE_RECURSION = YES;
				CLANG_WARN_INT_CONVERSION = YES;
				CLANG_WARN_NON_LITERAL_NULL_CONVERSION = YES;
				CLANG_WARN_OBJC_IMPLICIT_RETAIN_SELF = YES;
				CLANG_WARN_OBJC_LITERAL_CONVERSION = YES;
				CLANG_WARN_OBJC_ROOT_CLASS = YES_ERROR;
				CLANG_WARN_QUOTED_INCLUDE_IN_FRAMEWORK_HEADER = YES;
				CLANG_WARN_RANGE_LOOP_ANALYSIS = YES;
				CLANG_WARN_STRICT_PROTOTYPES = YES;
				CLANG_WARN_SUSPICIOUS_MOVE = YES;
				CLANG_WARN_UNGUARDED_AVAILABILITY = YES_AGGRESSIVE;
				CLANG_WARN_UNREACHABLE_CODE = YES;
				CLANG_WARN__DUPLICATE_METHOD_MATCH = YES;
				COPY_PHASE_STRIP = NO;
				DEBUG_INFORMATION_FORMAT = dwarf;
				ENABLE_STRICT_OBJC_MSGSEND = YES;
				ENABLE_TESTABILITY = YES;
				GCC_C_LANGUAGE_STANDARD = gnu11;
				GCC_DYNAMIC_NO_PIC = NO;
				GCC_NO_COMMON_BLOCKS = YES;
				GCC_OPTIMIZATION_LEVEL = 0;
				GCC_PREPROCESSOR_DEFINITIONS = (
					"DEBUG=1",
					"$(inherited)",
				);
				GCC_WARN_64_TO_32_BIT_CONVERSION = YES;
				GCC_WARN_ABOUT_RETURN_TYPE = YES_ERROR;
				GCC_WARN_UNDECLARED_SELECTOR = YES;
				GCC_WARN_UNINITIALIZED_AUTOS = YES_AGGRESSIVE;
				GCC_WARN_UNUSED_FUNCTION = YES;
				GCC_WARN_UNUSED_VARIABLE = YES;
				IPHONEOS_DEPLOYMENT_TARGET = 14.3;
				MTL_ENABLE_DEBUG_INFO = INCLUDE_SOURCE;
				MTL_FAST_MATH = YES;
				ONLY_ACTIVE_ARCH = YES;
				SDKROOT = iphoneos;
				SWIFT_ACTIVE_COMPILATION_CONDITIONS = DEBUG;
				SWIFT_OPTIMIZATION_LEVEL = "-Onone";
			};
			name = Debug;
		};
		E1CFA0A425FB5E7400F19AD8 /* Release */ = {
			isa = XCBuildConfiguration;
			buildSettings = {
				ALWAYS_SEARCH_USER_PATHS = NO;
				CLANG_ANALYZER_NONNULL = YES;
				CLANG_ANALYZER_NUMBER_OBJECT_CONVERSION = YES_AGGRESSIVE;
				CLANG_CXX_LANGUAGE_STANDARD = "gnu++14";
				CLANG_CXX_LIBRARY = "libc++";
				CLANG_ENABLE_MODULES = YES;
				CLANG_ENABLE_OBJC_ARC = YES;
				CLANG_ENABLE_OBJC_WEAK = YES;
				CLANG_WARN_BLOCK_CAPTURE_AUTORELEASING = YES;
				CLANG_WARN_BOOL_CONVERSION = YES;
				CLANG_WARN_COMMA = YES;
				CLANG_WARN_CONSTANT_CONVERSION = YES;
				CLANG_WARN_DEPRECATED_OBJC_IMPLEMENTATIONS = YES;
				CLANG_WARN_DIRECT_OBJC_ISA_USAGE = YES_ERROR;
				CLANG_WARN_DOCUMENTATION_COMMENTS = YES;
				CLANG_WARN_EMPTY_BODY = YES;
				CLANG_WARN_ENUM_CONVERSION = YES;
				CLANG_WARN_INFINITE_RECURSION = YES;
				CLANG_WARN_INT_CONVERSION = YES;
				CLANG_WARN_NON_LITERAL_NULL_CONVERSION = YES;
				CLANG_WARN_OBJC_IMPLICIT_RETAIN_SELF = YES;
				CLANG_WARN_OBJC_LITERAL_CONVERSION = YES;
				CLANG_WARN_OBJC_ROOT_CLASS = YES_ERROR;
				CLANG_WARN_QUOTED_INCLUDE_IN_FRAMEWORK_HEADER = YES;
				CLANG_WARN_RANGE_LOOP_ANALYSIS = YES;
				CLANG_WARN_STRICT_PROTOTYPES = YES;
				CLANG_WARN_SUSPICIOUS_MOVE = YES;
				CLANG_WARN_UNGUARDED_AVAILABILITY = YES_AGGRESSIVE;
				CLANG_WARN_UNREACHABLE_CODE = YES;
				CLANG_WARN__DUPLICATE_METHOD_MATCH = YES;
				COPY_PHASE_STRIP = NO;
				DEBUG_INFORMATION_FORMAT = "dwarf-with-dsym";
				ENABLE_NS_ASSERTIONS = NO;
				ENABLE_STRICT_OBJC_MSGSEND = YES;
				GCC_C_LANGUAGE_STANDARD = gnu11;
				GCC_NO_COMMON_BLOCKS = YES;
				GCC_WARN_64_TO_32_BIT_CONVERSION = YES;
				GCC_WARN_ABOUT_RETURN_TYPE = YES_ERROR;
				GCC_WARN_UNDECLARED_SELECTOR = YES;
				GCC_WARN_UNINITIALIZED_AUTOS = YES_AGGRESSIVE;
				GCC_WARN_UNUSED_FUNCTION = YES;
				GCC_WARN_UNUSED_VARIABLE = YES;
				IPHONEOS_DEPLOYMENT_TARGET = 14.3;
				MTL_ENABLE_DEBUG_INFO = NO;
				MTL_FAST_MATH = YES;
				SDKROOT = iphoneos;
				SWIFT_COMPILATION_MODE = wholemodule;
				SWIFT_OPTIMIZATION_LEVEL = "-O";
				VALIDATE_PRODUCT = YES;
			};
			name = Release;
		};
		E1CFA0A625FB5E7400F19AD8 /* Debug */ = {
			isa = XCBuildConfiguration;
			buildSettings = {
				ASSETCATALOG_COMPILER_APPICON_NAME = AppIcon;
				ASSETCATALOG_COMPILER_GLOBAL_ACCENT_COLOR_NAME = AccentColor;
				CODE_SIGN_STYLE = Automatic;
				DEVELOPMENT_ASSET_PATHS = "\"PokedexSwiftUI/Preview Content\"";
				ENABLE_PREVIEWS = YES;
				INFOPLIST_FILE = PokedexSwiftUI/Info.plist;
				IPHONEOS_DEPLOYMENT_TARGET = 14.0;
				LD_RUNPATH_SEARCH_PATHS = (
					"$(inherited)",
					"@executable_path/Frameworks",
				);
				PRODUCT_BUNDLE_IDENTIFIER = com.helen.PokedexSwiftUI;
				PRODUCT_NAME = "$(TARGET_NAME)";
				SWIFT_VERSION = 5.0;
				TARGETED_DEVICE_FAMILY = "1,2";
			};
			name = Debug;
		};
		E1CFA0A725FB5E7400F19AD8 /* Release */ = {
			isa = XCBuildConfiguration;
			buildSettings = {
				ASSETCATALOG_COMPILER_APPICON_NAME = AppIcon;
				ASSETCATALOG_COMPILER_GLOBAL_ACCENT_COLOR_NAME = AccentColor;
				CODE_SIGN_STYLE = Automatic;
				DEVELOPMENT_ASSET_PATHS = "\"PokedexSwiftUI/Preview Content\"";
				ENABLE_PREVIEWS = YES;
				INFOPLIST_FILE = PokedexSwiftUI/Info.plist;
				IPHONEOS_DEPLOYMENT_TARGET = 14.0;
				LD_RUNPATH_SEARCH_PATHS = (
					"$(inherited)",
					"@executable_path/Frameworks",
				);
				PRODUCT_BUNDLE_IDENTIFIER = com.helen.PokedexSwiftUI;
				PRODUCT_NAME = "$(TARGET_NAME)";
				SWIFT_VERSION = 5.0;
				TARGETED_DEVICE_FAMILY = "1,2";
			};
			name = Release;
		};
/* End XCBuildConfiguration section */

/* Begin XCConfigurationList section */
		E1CFA09125FB5E7200F19AD8 /* Build configuration list for PBXProject "PokedexSwiftUI" */ = {
			isa = XCConfigurationList;
			buildConfigurations = (
				E1CFA0A325FB5E7400F19AD8 /* Debug */,
				E1CFA0A425FB5E7400F19AD8 /* Release */,
			);
			defaultConfigurationIsVisible = 0;
			defaultConfigurationName = Release;
		};
		E1CFA0A525FB5E7400F19AD8 /* Build configuration list for PBXNativeTarget "PokedexSwiftUI" */ = {
			isa = XCConfigurationList;
			buildConfigurations = (
				E1CFA0A625FB5E7400F19AD8 /* Debug */,
				E1CFA0A725FB5E7400F19AD8 /* Release */,
			);
			defaultConfigurationIsVisible = 0;
			defaultConfigurationName = Release;
		};
/* End XCConfigurationList section */
	};
	rootObject = E1CFA08E25FB5E7200F19AD8 /* Project object */;
}
